
Microsoft Visual Studio Solution File, Format Version 12.00
# Visual Studio Version 17
VisualStudioVersion = 17.9.34728.123
MinimumVisualStudioVersion = 10.0.40219.1
Project("{8BC9CEB8-8B4A-11D0-8D11-00A0C91BC942}") = "MT3_4_2", "MT3_4_2.vcxproj", "{F77F5DBF-F71A-46C2-9E4E-CCCF9EC50FDB}"
EndProject
Global
	GlobalSection(SolutionConfigurationPlatforms) = preSolution
		Debug|x64 = Debug|x64
		Release|x64 = Release|x64
	EndGlobalSection
	GlobalSection(ProjectConfigurationPlatforms) = postSolution
		{F77F5DBF-F71A-46C2-9E4E-CCCF9EC50FDB}.Debug|x64.ActiveCfg = Debug|x64
		{F77F5DBF-F71A-46C2-9E4E-CCCF9EC50FDB}.Debug|x64.Build.0 = Debug|x64
		{F77F5DBF-F71A-46C2-9E4E-CCCF9EC50FDB}.Release|x64.ActiveCfg = Release|x64
		{F77F5DBF-F71A-46C2-9E4E-CCCF9EC50FDB}.Release|x64.Build.0 = Release|x64
	EndGlobalSection
	GlobalSection(SolutionProperties) = preSolution
		HideSolutionNode = FALSE
	EndGlobalSection
	GlobalSection(ExtensibilityGlobals) = postSolution
		SolutionGuid = {92AD6922-C809-4CAE-8948-B563B6CF2F1C}
	EndGlobalSection
EndGlobal
